
Microsoft Visual Studio Solution File, Format Version 12.00
# Visual Studio Version 17
VisualStudioVersion = 17.10.34928.147
MinimumVisualStudioVersion = 10.0.40219.1
Project("{FAE04EC0-301F-11D3-BF4B-00C04F79EFBC}") = "smarthometechnologies", "smarthometechnologies\smarthometechnologies.csproj", "{3120A4E5-EC4D-4083-9C8E-79BD892772E7}"
EndProject
Global
	GlobalSection(SolutionConfigurationPlatforms) = preSolution
		Debug|Any CPU = Debug|Any CPU
		Release|Any CPU = Release|Any CPU
	EndGlobalSection
	GlobalSection(ProjectConfigurationPlatforms) = postSolution
		{3120A4E5-EC4D-4083-9C8E-79BD892772E7}.Debug|Any CPU.ActiveCfg = Debug|Any CPU
		{3120A4E5-EC4D-4083-9C8E-79BD892772E7}.Debug|Any CPU.Build.0 = Debug|Any CPU
		{3120A4E5-EC4D-4083-9C8E-79BD892772E7}.Release|Any CPU.ActiveCfg = Release|Any CPU
		{3120A4E5-EC4D-4083-9C8E-79BD892772E7}.Release|Any CPU.Build.0 = Release|Any CPU
	EndGlobalSection
	GlobalSection(SolutionProperties) = preSolution
		HideSolutionNode = FALSE
	EndGlobalSection
	GlobalSection(ExtensibilityGlobals) = postSolution
		SolutionGuid = {8C69C442-6E2C-46AA-BAB2-E3BBBBD242E7}
	EndGlobalSection
EndGlobal
